
Microsoft Visual Studio Solution File, Format Version 12.00
# Visual Studio Version 17
VisualStudioVersion = 17.14.36408.4
MinimumVisualStudioVersion = 10.0.40219.1
Project("{FAE04EC0-301F-11D3-BF4B-00C04F79EFBC}") = "BP.PriceTracker", "BP.PriceTracker\BP.PriceTracker.csproj", "{6B2C3248-7CF8-43EA-B093-9E9A881E87D1}"
EndProject
Project("{FAE04EC0-301F-11D3-BF4B-00C04F79EFBC}") = "BP.PriceTracker.Services", "BP.PriceTracker.Services\BP.PriceTracker.Services.csproj", "{1C71FD86-1097-49EF-8544-ABD42FFFA1FC}"
EndProject
Global
	GlobalSection(SolutionConfigurationPlatforms) = preSolution
		Debug|Any CPU = Debug|Any CPU
		Release|Any CPU = Release|Any CPU
	EndGlobalSection
	GlobalSection(ProjectConfigurationPlatforms) = postSolution
		{6B2C3248-7CF8-43EA-B093-9E9A881E87D1}.Debug|Any CPU.ActiveCfg = Debug|Any CPU
		{6B2C3248-7CF8-43EA-B093-9E9A881E87D1}.Debug|Any CPU.Build.0 = Debug|Any CPU
		{6B2C3248-7CF8-43EA-B093-9E9A881E87D1}.Debug|Any CPU.Deploy.0 = Debug|Any CPU
		{6B2C3248-7CF8-43EA-B093-9E9A881E87D1}.Release|Any CPU.ActiveCfg = Release|Any CPU
		{6B2C3248-7CF8-43EA-B093-9E9A881E87D1}.Release|Any CPU.Build.0 = Release|Any CPU
		{1C71FD86-1097-49EF-8544-ABD42FFFA1FC}.Debug|Any CPU.ActiveCfg = Debug|Any CPU
		{1C71FD86-1097-49EF-8544-ABD42FFFA1FC}.Debug|Any CPU.Build.0 = Debug|Any CPU
		{1C71FD86-1097-49EF-8544-ABD42FFFA1FC}.Release|Any CPU.ActiveCfg = Release|Any CPU
		{1C71FD86-1097-49EF-8544-ABD42FFFA1FC}.Release|Any CPU.Build.0 = Release|Any CPU
	EndGlobalSection
	GlobalSection(SolutionProperties) = preSolution
		HideSolutionNode = FALSE
	EndGlobalSection
	GlobalSection(ExtensibilityGlobals) = postSolution
		SolutionGuid = {64606648-53FE-46AA-A56A-3924F96BE22E}
	EndGlobalSection
EndGlobal
